version = 1
revision = 3
requires-python = ">=3.13"

[[package]]
name = "pinesawfly"
version = "0.1.0"
source = { virtual = "." }
dependencies = [
    { name = "pyside6" },
    { name = "tree-sitter" },
    { name = "tree-sitter-go" },
    { name = "tree-sitter-java" },
    { name = "tree-sitter-lua" },
    { name = "tree-sitter-php" },
    { name = "tree-sitter-python" },
]

[package.metadata]
requires-dist = [
    { name = "pyside6", specifier = "==6.6.0" },
    { name = "tree-sitter", specifier = ">=0.25.2" },
    { name = "tree-sitter-go", specifier = ">=0.25.0" },
    { name = "tree-sitter-java", specifier = ">=0.23.5" },
    { name = "tree-sitter-lua", specifier = ">=0.5.0" },
    { name = "tree-sitter-php", specifier = ">=0.24.1" },
    { name = "tree-sitter-python", specifier = ">=0.25.0" },
]

[[package]]
name = "pyside6"
version = "6.6.0"
source = { registry = "https://pypi.org/simple" }
dependencies = [
    { name = "pyside6-addons" },
    { name = "pyside6-essentials" },
    { name = "shiboken6" },
]
wheels = [
    { url = "https://files.pythonhosted.org/packages/54/e9/8d6e64aecc19a8e3ca899f79ab9bbd831c2e4cfaf1ac89e084c9c5bd8e39/PySide6-6.6.0-cp38-abi3-macosx_11_0_universal2.whl", hash = "sha256:8103f14ed46a05e81acccbfc8388e3321e392fe54f3aa4a13336bd2ed8af5cd4", size = 6696, upload-time = "2023-10-17T09:42:32.531Z" },
    { url = "https://files.pythonhosted.org/packages/14/cd/f8117f92430564af4cb60bc38d93de8dcb1d051c955cf0a62e6563fe7f55/PySide6-6.6.0-cp38-abi3-manylinux_2_28_x86_64.whl", hash = "sha256:d487eab0f9bfc5c9141b474093e16207ff48cd9335e6465a01deb8dff0693fbc", size = 6670, upload-time = "2023-10-17T09:42:34.451Z" },
    { url = "https://files.pythonhosted.org/packages/63/df/dc2c30b6d163458056c29e3942af9a32082e96337b7187c5267599669150/PySide6-6.6.0-cp38-abi3-manylinux_2_31_aarch64.whl", hash = "sha256:f40917b7a0c5c7f0c7faaa87e66ffa3b58d9d1d3d977d30fc07e193b82dd6749", size = 6675, upload-time = "2023-10-17T09:42:36.201Z" },
    { url = "https://files.pythonhosted.org/packages/ac/5d/45e9127662531a9a68e2394a02a511c3dff36cbbac3a919ba3e2b02088f5/PySide6-6.6.0-cp38-abi3-win_amd64.whl", hash = "sha256:d41dfcfa32c89502cdaa20206b7e2aba199072f94b424bc6a4d6f50b10f4eb5a", size = 7225, upload-time = "2023-10-17T09:42:37.896Z" },
]

[[package]]
name = "pyside6-addons"
version = "6.6.0"
source = { registry = "https://pypi.org/simple" }
dependencies = [
    { name = "pyside6-essentials" },
    { name = "shiboken6" },
]
wheels = [
    { url = "https://files.pythonhosted.org/packages/e5/09/85044dd0f48cfe98cea55ba1975989843d5cbaf572a00d0e3c18190e74e5/PySide6_Addons-6.6.0-cp38-abi3-macosx_11_0_universal2.whl", hash = "sha256:82fe1bb6a1aabf5ab3d8632072dc908aa37fc75b4b46e520258c441bd6b103fb", size = 248998576, upload-time = "2023-10-17T09:31:50.852Z" },
    { url = "https://files.pythonhosted.org/packages/d9/37/94576a9a1c4070652d508e277642e896693d49d83fc329949c13de19cef5/PySide6_Addons-6.6.0-cp38-abi3-manylinux_2_28_x86_64.whl", hash = "sha256:5c56e963b841aeaacbc9ca8ca34df45308818dbd6fc59faa2b5a00a299e9892b", size = 125160599, upload-time = "2023-10-17T09:33:22.143Z" },
    { url = "https://files.pythonhosted.org/packages/e3/32/85824aea8da31ac6861af0e6ebadc1dbc42e9958dcf421e1a69fd20845eb/PySide6_Addons-6.6.0-cp38-abi3-manylinux_2_31_aarch64.whl", hash = "sha256:e145514a7c37ee3a6ad0ddd693f805ccff6fbd9640a24fb2ef6b7f852882d3e9", size = 110909742, upload-time = "2023-10-17T09:34:42.22Z" },
    { url = "https://files.pythonhosted.org/packages/3c/75/381fd515bc929fd73f75e5197af3907d8f18fa8be811c6423ba2fa731d7d/PySide6_Addons-6.6.0-cp38-abi3-win_amd64.whl", hash = "sha256:414864f7cfbdf8ac4c5a745566a515f18b6018d5730bf5489cc2716b5e1fcd9b", size = 110273318, upload-time = "2023-10-17T09:36:05.481Z" },
]

[[package]]
name = "pyside6-essentials"
version = "6.6.0"
source = { registry = "https://pypi.org/simple" }
dependencies = [
    { name = "shiboken6" },
]
wheels = [
    { url = "https://files.pythonhosted.org/packages/e9/9b/853cb8ff2f2996395c1aed751769bba704ae79ffba9ca45ed64c487506bf/PySide6_Essentials-6.6.0-cp38-abi3-macosx_11_0_universal2.whl", hash = "sha256:26d27e3e3a18acbc770a69a30774fd345414fe4932fcb89d2cfc4fc130c3eb33", size = 146188358, upload-time = "2023-10-17T09:38:33.703Z" },
    { url = "https://files.pythonhosted.org/packages/e2/f0/09e8e38a51f705eecda1202cb51a9fcc7affb0f9fd3be44bf58ce25528dc/PySide6_Essentials-6.6.0-cp38-abi3-manylinux_2_28_x86_64.whl", hash = "sha256:60284641619f964e1cb4d53cf3169d7a385e0378b74edb75610918d2aea1c4e5", size = 82092378, upload-time = "2023-10-17T09:39:27.036Z" },
    { url = "https://files.pythonhosted.org/packages/40/de/4fd7714f0558131fc3159f7f851a0afbd7245b999106a175af4a36cd66cc/PySide6_Essentials-6.6.0-cp38-abi3-manylinux_2_31_aarch64.whl", hash = "sha256:37d5d9c6ee696a17890f07e7ce1f88f890174bd4aca29f47922ecc959ab28352", size = 66348057, upload-time = "2023-10-17T09:40:34.09Z" },
    { url = "https://files.pythonhosted.org/packages/67/e6/a350a4509e06f7dcde0448357bba14de99fa97b39580a681151262ed65ae/PySide6_Essentials-6.6.0-cp38-abi3-win_amd64.whl", hash = "sha256:97bbe33f584a09cef6a3fbc1295fb0fd7acaac345bc0f5601bf45d41c91683ac", size = 76703502, upload-time = "2023-10-17T09:41:39.751Z" },
]

[[package]]
name = "shiboken6"
version = "6.6.0"
source = { registry = "https://pypi.org/simple" }
wheels = [
    { url = "https://files.pythonhosted.org/packages/ac/f7/06ad6f30427e8b92712ed67ab9885ddd5f44f270a85062fa68ba145a46a3/shiboken6-6.6.0-cp38-abi3-macosx_11_0_universal2.whl", hash = "sha256:bf23c43e53ffe6097853666ced05358c6640c378e992902a36c4cf77efb0223b", size = 339922, upload-time = "2023-10-17T09:42:04.509Z" },
    { url = "https://files.pythonhosted.org/packages/6b/eb/72572b8db7713305b6a15ea7aa04bd7240cd9d84c33cc790218532fc0f43/shiboken6-6.6.0-cp38-abi3-manylinux_2_28_x86_64.whl", hash = "sha256:456b89fb4b323e0c5002d92e4d346b48bb4e709db801208df8a0d6b4f5efc33d", size = 169288, upload-time = "2023-10-17T09:42:06.348Z" },
    { url = "https://files.pythonhosted.org/packages/b5/31/d8596aebc384cd46e0f45c9a0f5bc87df83dd50966cb3d4ca2006ee80883/shiboken6-6.6.0-cp38-abi3-manylinux_2_31_aarch64.whl", hash = "sha256:fb8c683206c3365f9240fff7f908485384893b02efb089b69ff816b4390baa9a", size = 160112, upload-time = "2023-10-17T09:42:08.245Z" },
    { url = "https://files.pythonhosted.org/packages/27/bf/0995ef993b9a35c0f8b3a61c056d508b5e17d1963a597af91d3dc5f405f1/shiboken6-6.6.0-cp38-abi3-win_amd64.whl", hash = "sha256:e62b2610b84f0ff7ed0181a4c535849cdc0654127097b5ef561cf0a33078f245", size = 1066845, upload-time = "2023-10-17T09:42:10.628Z" },
]

[[package]]
name = "tree-sitter"
version = "0.25.2"
source = { registry = "https://pypi.org/simple" }
sdist = { url = "https://files.pythonhosted.org/packages/66/7c/0350cfc47faadc0d3cf7d8237a4e34032b3014ddf4a12ded9933e1648b55/tree-sitter-0.25.2.tar.gz", hash = "sha256:fe43c158555da46723b28b52e058ad444195afd1db3ca7720c59a254544e9c20", size = 177961, upload-time = "2025-09-25T17:37:59.751Z" }
wheels = [
    { url = "https://files.pythonhosted.org/packages/8c/67/67492014ce32729b63d7ef318a19f9cfedd855d677de5773476caf771e96/tree_sitter-0.25.2-cp313-cp313-macosx_10_13_x86_64.whl", hash = "sha256:0628671f0de69bb279558ef6b640bcfc97864fe0026d840f872728a86cd6b6cd", size = 146926, upload-time = "2025-09-25T17:37:43.041Z" },
    { url = "https://files.pythonhosted.org/packages/4e/9c/a278b15e6b263e86c5e301c82a60923fa7c59d44f78d7a110a89a413e640/tree_sitter-0.25.2-cp313-cp313-macosx_11_0_arm64.whl", hash = "sha256:f5ddcd3e291a749b62521f71fc953f66f5fd9743973fd6dd962b092773569601", size = 137712, upload-time = "2025-09-25T17:37:44.039Z" },
    { url = "https://files.pythonhosted.org/packages/54/9a/423bba15d2bf6473ba67846ba5244b988cd97a4b1ea2b146822162256794/tree_sitter-0.25.2-cp313-cp313-manylinux2014_aarch64.manylinux_2_17_aarch64.manylinux_2_28_aarch64.whl", hash = "sha256:bd88fbb0f6c3a0f28f0a68d72df88e9755cf5215bae146f5a1bdc8362b772053", size = 607873, upload-time = "2025-09-25T17:37:45.477Z" },
    { url = "https://files.pythonhosted.org/packages/ed/4c/b430d2cb43f8badfb3a3fa9d6cd7c8247698187b5674008c9d67b2a90c8e/tree_sitter-0.25.2-cp313-cp313-manylinux2014_x86_64.manylinux_2_17_x86_64.manylinux_2_28_x86_64.whl", hash = "sha256:b878e296e63661c8e124177cc3084b041ba3f5936b43076d57c487822426f614", size = 636313, upload-time = "2025-09-25T17:37:46.68Z" },
    { url = "https://files.pythonhosted.org/packages/9d/27/5f97098dbba807331d666a0997662e82d066e84b17d92efab575d283822f/tree_sitter-0.25.2-cp313-cp313-musllinux_1_2_x86_64.whl", hash = "sha256:d77605e0d353ba3fe5627e5490f0fbfe44141bafa4478d88ef7954a61a848dae", size = 631370, upload-time = "2025-09-25T17:37:47.993Z" },
    { url = "https://files.pythonhosted.org/packages/d4/3c/87caaed663fabc35e18dc704cd0e9800a0ee2f22bd18b9cbe7c10799895d/tree_sitter-0.25.2-cp313-cp313-win_amd64.whl", hash = "sha256:463c032bd02052d934daa5f45d183e0521ceb783c2548501cf034b0beba92c9b", size = 127157, upload-time = "2025-09-25T17:37:48.967Z" },
    { url = "https://files.pythonhosted.org/packages/d5/23/f8467b408b7988aff4ea40946a4bd1a2c1a73d17156a9d039bbaff1e2ceb/tree_sitter-0.25.2-cp313-cp313-win_arm64.whl", hash = "sha256:b3f63a1796886249bd22c559a5944d64d05d43f2be72961624278eff0dcc5cb8", size = 113975, upload-time = "2025-09-25T17:37:49.922Z" },
    { url = "https://files.pythonhosted.org/packages/07/e3/d9526ba71dfbbe4eba5e51d89432b4b333a49a1e70712aa5590cd22fc74f/tree_sitter-0.25.2-cp314-cp314-macosx_10_13_x86_64.whl", hash = "sha256:65d3c931013ea798b502782acab986bbf47ba2c452610ab0776cf4a8ef150fc0", size = 146776, upload-time = "2025-09-25T17:37:50.898Z" },
    { url = "https://files.pythonhosted.org/packages/42/97/4bd4ad97f85a23011dd8a535534bb1035c4e0bac1234d58f438e15cff51f/tree_sitter-0.25.2-cp314-cp314-macosx_11_0_arm64.whl", hash = "sha256:bda059af9d621918efb813b22fb06b3fe00c3e94079c6143fcb2c565eb44cb87", size = 137732, upload-time = "2025-09-25T17:37:51.877Z" },
    { url = "https://files.pythonhosted.org/packages/b6/19/1e968aa0b1b567988ed522f836498a6a9529a74aab15f09dd9ac1e41f505/tree_sitter-0.25.2-cp314-cp314-manylinux2014_aarch64.manylinux_2_17_aarch64.manylinux_2_28_aarch64.whl", hash = "sha256:eac4e8e4c7060c75f395feec46421eb61212cb73998dbe004b7384724f3682ab", size = 609456, upload-time = "2025-09-25T17:37:52.925Z" },
    { url = "https://files.pythonhosted.org/packages/48/b6/cf08f4f20f4c9094006ef8828555484e842fc468827ad6e56011ab668dbd/tree_sitter-0.25.2-cp314-cp314-manylinux2014_x86_64.manylinux_2_17_x86_64.manylinux_2_28_x86_64.whl", hash = "sha256:260586381b23be33b6191a07cea3d44ecbd6c01aa4c6b027a0439145fcbc3358", size = 636772, upload-time = "2025-09-25T17:37:54.647Z" },
    { url = "https://files.pythonhosted.org/packages/57/e2/d42d55bf56360987c32bc7b16adb06744e425670b823fb8a5786a1cea991/tree_sitter-0.25.2-cp314-cp314-musllinux_1_2_x86_64.whl", hash = "sha256:7d2ee1acbacebe50ba0f85fff1bc05e65d877958f00880f49f9b2af38dce1af0", size = 631522, upload-time = "2025-09-25T17:37:55.833Z" },
    { url = "https://files.pythonhosted.org/packages/03/87/af9604ebe275a9345d88c3ace0cf2a1341aa3f8ef49dd9fc11662132df8a/tree_sitter-0.25.2-cp314-cp314-win_amd64.whl", hash = "sha256:4973b718fcadfb04e59e746abfbb0288694159c6aeecd2add59320c03368c721", size = 130864, upload-time = "2025-09-25T17:37:57.453Z" },
    { url = "https://files.pythonhosted.org/packages/a6/6e/e64621037357acb83d912276ffd30a859ef117f9c680f2e3cb955f47c680/tree_sitter-0.25.2-cp314-cp314-win_arm64.whl", hash = "sha256:b8d4429954a3beb3e844e2872610d2a4800ba4eb42bb1990c6a4b1949b18459f", size = 117470, upload-time = "2025-09-25T17:37:58.431Z" },
]

[[package]]
name = "tree-sitter-go"
version = "0.25.0"
source = { registry = "https://pypi.org/simple" }
sdist = { url = "https://files.pythonhosted.org/packages/01/05/727308adbbc79bcb1c92fc0ea10556a735f9d0f0a5435a18f59d40f7fd77/tree_sitter_go-0.25.0.tar.gz", hash = "sha256:a7466e9b8d94dda94cae8d91629f26edb2d26166fd454d4831c3bf6dfa2e8d68", size = 93890, upload-time = "2025-08-29T06:20:25.044Z" }
wheels = [
    { url = "https://files.pythonhosted.org/packages/ca/aa/0984707acc2b9bb461fe4a41e7e0fc5b2b1e245c32820f0c83b3c602957c/tree_sitter_go-0.25.0-cp310-abi3-macosx_10_9_x86_64.whl", hash = "sha256:b852993063a3429a443e7bd0aa376dd7dd329d595819fabf56ac4cf9d7257b54", size = 47117, upload-time = "2025-08-29T06:20:14.286Z" },
    { url = "https://files.pythonhosted.org/packages/32/16/dd4cb124b35e99239ab3624225da07d4cb8da4d8564ed81d03fcb3a6ba9f/tree_sitter_go-0.25.0-cp310-abi3-macosx_11_0_arm64.whl", hash = "sha256:503b81a2b4c31e302869a1de3a352ad0912ccab3df9ac9950197b0a9ceeabd8f", size = 48674, upload-time = "2025-08-29T06:20:17.557Z" },
    { url = "https://files.pythonhosted.org/packages/86/fb/b30d63a08044115d8b8bd196c6c2ab4325fb8db5757249a4ef0563966e2e/tree_sitter_go-0.25.0-cp310-abi3-manylinux1_x86_64.manylinux_2_28_x86_64.manylinux_2_5_x86_64.whl", hash = "sha256:04b3b3cb4aff18e74e28d49b716c6f24cb71ddfdd66768987e26e4d0fa812f74", size = 66418, upload-time = "2025-08-29T06:20:18.345Z" },
    { url = "https://files.pythonhosted.org/packages/26/21/d3d88a30ad007419b2c97b3baeeef7431407faf9f686195b6f1cad0aedf9/tree_sitter_go-0.25.0-cp310-abi3-manylinux2014_aarch64.manylinux_2_17_aarch64.manylinux_2_28_aarch64.whl", hash = "sha256:148255aca2f54b90d48c48a9dbb4c7faad6cad310a980b2c5a5a9822057ed145", size = 72006, upload-time = "2025-08-29T06:20:19.14Z" },
    { url = "https://files.pythonhosted.org/packages/cd/d0/0dd6442353ced8a88bbda9e546f4ea29e381b59b5a40b122e5abb586bb6c/tree_sitter_go-0.25.0-cp310-abi3-musllinux_1_2_aarch64.whl", hash = "sha256:4d338116cdf8a6c6ff990d2441929b41323ef17c710407abe0993c13417d6aad", size = 70603, upload-time = "2025-08-29T06:20:21.544Z" },
    { url = "https://files.pythonhosted.org/packages/01/e2/ee5e09f63504fc286539535d374d2eaa0e7d489b80f8f744bb3962aff22a/tree_sitter_go-0.25.0-cp310-abi3-musllinux_1_2_x86_64.whl", hash = "sha256:5608e089d2a29fa8d2b327abeb2ad1cdb8e223c440a6b0ceab0d3fa80bdeebae", size = 66088, upload-time = "2025-08-29T06:20:22.336Z" },
    { url = "https://files.pythonhosted.org/packages/6e/b6/d9142583374720e79aca9ccb394b3795149a54c012e1dfd80738df2d984e/tree_sitter_go-0.25.0-cp310-abi3-win_amd64.whl", hash = "sha256:30d4ada57a223dfc2c32d942f44d284d40f3d1215ddcf108f96807fd36d53022", size = 48152, upload-time = "2025-08-29T06:20:23.089Z" },
    { url = "https://files.pythonhosted.org/packages/9e/00/9a2638e7339236f5b01622952a4d71c1474dd3783d1982a89555fc1f03b1/tree_sitter_go-0.25.0-cp310-abi3-win_arm64.whl", hash = "sha256:d5d62362059bf79997340773d47cc7e7e002883b527a05cca829c46e40b70ded", size = 46752, upload-time = "2025-08-29T06:20:24.235Z" },
]

[[package]]
name = "tree-sitter-java"
version = "0.23.5"
source = { registry = "https://pypi.org/simple" }
sdist = { url = "https://files.pythonhosted.org/packages/fa/dc/eb9c8f96304e5d8ae1663126d89967a622a80937ad2909903569ccb7ec8f/tree_sitter_java-0.23.5.tar.gz", hash = "sha256:f5cd57b8f1270a7f0438878750d02ccc79421d45cca65ff284f1527e9ef02e38", size = 138121, upload-time = "2024-12-21T18:24:26.936Z" }
wheels = [
    { url = "https://files.pythonhosted.org/packages/67/21/b3399780b440e1567a11d384d0ebb1aea9b642d0d98becf30fa55c0e3a3b/tree_sitter_java-0.23.5-cp39-abi3-macosx_10_9_x86_64.whl", hash = "sha256:355ce0308672d6f7013ec913dee4a0613666f4cda9044a7824240d17f38209df", size = 58926, upload-time = "2024-12-21T18:24:12.53Z" },
    { url = "https://files.pythonhosted.org/packages/57/ef/6406b444e2a93bc72a04e802f4107e9ecf04b8de4a5528830726d210599c/tree_sitter_java-0.23.5-cp39-abi3-macosx_11_0_arm64.whl", hash = "sha256:24acd59c4720dedad80d548fe4237e43ef2b7a4e94c8549b0ca6e4c4d7bf6e69", size = 62288, upload-time = "2024-12-21T18:24:14.634Z" },
    { url = "https://files.pythonhosted.org/packages/4e/6c/74b1c150d4f69c291ab0b78d5dd1b59712559bbe7e7daf6d8466d483463f/tree_sitter_java-0.23.5-cp39-abi3-manylinux_2_17_aarch64.manylinux2014_aarch64.whl", hash = "sha256:9401e7271f0b333df39fc8a8336a0caf1b891d9a2b89ddee99fae66b794fc5b7", size = 85533, upload-time = "2024-12-21T18:24:16.695Z" },
    { url = "https://files.pythonhosted.org/packages/29/09/e0d08f5c212062fd046db35c1015a2621c2631bc8b4aae5740d7adb276ad/tree_sitter_java-0.23.5-cp39-abi3-manylinux_2_5_x86_64.manylinux1_x86_64.manylinux_2_17_x86_64.manylinux2014_x86_64.whl", hash = "sha256:370b204b9500b847f6d0c5ad584045831cee69e9a3e4d878535d39e4a7e4c4f1", size = 84033, upload-time = "2024-12-21T18:24:18.758Z" },
    { url = "https://files.pythonhosted.org/packages/43/56/7d06b23ddd09bde816a131aa504ee11a1bbe87c6b62ab9b2ed23849a3382/tree_sitter_java-0.23.5-cp39-abi3-musllinux_1_2_x86_64.whl", hash = "sha256:aae84449e330363b55b14a2af0585e4e0dae75eb64ea509b7e5b0e1de536846a", size = 82564, upload-time = "2024-12-21T18:24:20.493Z" },
    { url = "https://files.pythonhosted.org/packages/da/d6/0528c7e1e88a18221dbd8ccee3825bf274b1fa300f745fd74eb343878043/tree_sitter_java-0.23.5-cp39-abi3-win_amd64.whl", hash = "sha256:1ee45e790f8d31d416bc84a09dac2e2c6bc343e89b8a2e1d550513498eedfde7", size = 60650, upload-time = "2024-12-21T18:24:22.902Z" },
    { url = "https://files.pythonhosted.org/packages/72/57/5bab54d23179350356515526fff3cc0f3ac23bfbc1a1d518a15978d4880e/tree_sitter_java-0.23.5-cp39-abi3-win_arm64.whl", hash = "sha256:402efe136104c5603b429dc26c7e75ae14faaca54cfd319ecc41c8f2534750f4", size = 59059, upload-time = "2024-12-21T18:24:24.934Z" },
]

[[package]]
name = "tree-sitter-lua"
version = "0.5.0"
source = { registry = "https://pypi.org/simple" }
sdist = { url = "https://files.pythonhosted.org/packages/94/07/98d7c5f60c9a79a1d40f85e59b7c25a0102d2eebcc5a83608c7c308edf22/tree_sitter_lua-0.5.0.tar.gz", hash = "sha256:0e46356038ccb8ce1049289104c56230003448309a335f2e353f1edc7b373552", size = 36829, upload-time = "2026-02-26T17:07:33.469Z" }
wheels = [
    { url = "https://files.pythonhosted.org/packages/b0/b2/d1ffd919692b217d257222cbfa1705268dfea073b91ffb81726da0e27fe8/tree_sitter_lua-0.5.0-cp310-abi3-macosx_10_9_x86_64.whl", hash = "sha256:cc4f2eb734dc9223bf96c0eeffa78a9485db207d00841e27e52c8b036f2164f7", size = 22781, upload-time = "2026-02-26T17:07:26.412Z" },
    { url = "https://files.pythonhosted.org/packages/de/0c/6bc3228d01419e8b5af664bf328d174b02a64736ffa23a335c778c8cda68/tree_sitter_lua-0.5.0-cp310-abi3-macosx_11_0_arm64.whl", hash = "sha256:c14714ad395c4166566f3e4dd0cc0979411684cbcd23702e3c631c3e6eae84fd", size = 23437, upload-time = "2026-02-26T17:07:27.504Z" },
    { url = "https://files.pythonhosted.org/packages/45/2b/1edfd9bef9a1cc11047cd87ca9c60707b8425080cfc0498a7d3bc762d783/tree_sitter_lua-0.5.0-cp310-abi3-manylinux1_x86_64.manylinux_2_28_x86_64.manylinux_2_5_x86_64.whl", hash = "sha256:5ec448c854fea32414a0449147d648bc5baddf7a0357008c4abe3269db35370a", size = 41743, upload-time = "2026-02-26T17:07:28.433Z" },
    { url = "https://files.pythonhosted.org/packages/bf/7f/53bbfde347e5d9a34e0a9ed367d340dd876cf987c6ce8478c0597e1cf608/tree_sitter_lua-0.5.0-cp310-abi3-manylinux2014_aarch64.manylinux_2_17_aarch64.manylinux_2_28_aarch64.whl", hash = "sha256:b02f057a997e618c5b1b03a5cef9dd6c2673043d396ca86edba372728f17ef53", size = 44405, upload-time = "2026-02-26T17:07:29.662Z" },
    { url = "https://files.pythonhosted.org/packages/f9/63/989c0bcde97280cb7938aa2797ce310735c907ad372f6adc4645ef8dfb86/tree_sitter_lua-0.5.0-cp310-abi3-musllinux_1_2_aarch64.whl", hash = "sha256:9a048571f55a3dd30c94e2313091274338284cab23e757c181e4961c185ba9d0", size = 43208, upload-time = "2026-02-26T17:07:30.612Z" },
    { url = "https://files.pythonhosted.org/packages/6d/da/d9ce9a35c3042b2fd7453ba69d543d32c5d09563277a099b0859ce53d919/tree_sitter_lua-0.5.0-cp310-abi3-musllinux_1_2_x86_64.whl", hash = "sha256:922a5a3d0fec8af373cab504cbcd9abeeebb212d454f54163591c50c183466be", size = 41357, upload-time = "2026-02-26T17:07:31.408Z" },
    { url = "https://files.pythonhosted.org/packages/25/20/8973f4049d81b2920ef496cf61b9b947ccee63dfb1aa89cb73810cb22784/tree_sitter_lua-0.5.0-cp310-abi3-win_amd64.whl", hash = "sha256:ace3dd61218124ee08410a55601cb5fbbb00be3ee004b30e705cef9ef25165a9", size = 24755, upload-time = "2026-02-26T17:07:32.128Z" },
    { url = "https://files.pythonhosted.org/packages/8c/97/3104ecfa3c34320411bcad9b4f2823956487b6e222edcc83689819badc9d/tree_sitter_lua-0.5.0-cp310-abi3-win_arm64.whl", hash = "sha256:8488f3bea40779896f5771bcfcdc26900eb21e94f6658eb68a848fc37dd39221", size = 23506, upload-time = "2026-02-26T17:07:32.775Z" },
]

[[package]]
name = "tree-sitter-php"
version = "0.24.1"
source = { registry = "https://pypi.org/simple" }
wheels = [
    { url = "https://files.pythonhosted.org/packages/a4/c8/1a499038cb4036bea1d560ffbc807a6fb940261aa22296bd49a62ed8bcba/tree_sitter_php-0.24.1-cp310-abi3-macosx_10_9_x86_64.whl", hash = "sha256:d56e2dcf025450f84a2cdbf4b18a09e6cb88b92e9e6858e63de3d4133ab2e43e", size = 219550, upload-time = "2025-08-16T22:14:30.212Z" },
    { url = "https://files.pythonhosted.org/packages/ab/5e/b52f2599acb29f6899470f7137d3d491c752b88df3950fb7408aea57ddca/tree_sitter_php-0.24.1-cp310-abi3-macosx_11_0_arm64.whl", hash = "sha256:29759c67d4c27a68c227ed82c0b7e4699617b1bd23757d50c081f81a12b4f80d", size = 229632, upload-time = "2025-08-16T22:14:31.85Z" },
    { url = "https://files.pythonhosted.org/packages/6b/58/ca290da45380bd6ba7c6b0b98cc5fc30325c32c7f14f0c93196a451b19c4/tree_sitter_php-0.24.1-cp310-abi3-manylinux2014_aarch64.manylinux_2_17_aarch64.manylinux_2_28_aarch64.whl", hash = "sha256:94b89832ac09f078eed2acd88598838bc51012224cbcebb916dbb6a37e74357e", size = 325351, upload-time = "2025-08-16T22:14:33Z" },
    { url = "https://files.pythonhosted.org/packages/9a/c6/fd863a7a779d0ab67688939eba0e08bff7b1ffe731288d3d3610df21217b/tree_sitter_php-0.24.1-cp310-abi3-manylinux2014_x86_64.manylinux_2_17_x86_64.manylinux_2_28_x86_64.whl", hash = "sha256:7a1404a30f2972498ace040b0029738b8dac45d0a12932ccb8b605eb94bafbe4", size = 313021, upload-time = "2025-08-16T22:14:34.394Z" },
    { url = "https://files.pythonhosted.org/packages/48/ed/aace12f30c4f5474a9ad0e9da85c060174e3764342c9860974bb0feb02fc/tree_sitter_php-0.24.1-cp310-abi3-musllinux_1_2_x86_64.whl", hash = "sha256:3e96f61462a960c78e5389c7ba6c16c25e66b465c763b8e63ad66423326c2fa7", size = 305905, upload-time = "2025-08-16T22:14:35.846Z" },
    { url = "https://files.pythonhosted.org/packages/4e/c4/6c690c33b1ae9cae9505c0a2896f046fda174d72c46bdafce6aab3b2f2e7/tree_sitter_php-0.24.1-cp310-abi3-win_amd64.whl", hash = "sha256:1a1b65b72a8410d421f914ee13d38fd546a94d01cb834f69b27c78ba7589a5b5", size = 208014, upload-time = "2025-08-16T22:14:37.206Z" },
    { url = "https://files.pythonhosted.org/packages/7b/69/54c670d725c092b89e76ca6984582b6a768b128ac1859ed48141b124da1d/tree_sitter_php-0.24.1-cp310-abi3-win_arm64.whl", hash = "sha256:56a70c5ef1bddb15f220a479b2f2edf3042c764b6c443921fbd7ca9174d664e3", size = 206033, upload-time = "2025-08-16T22:14:38.632Z" },
]

[[package]]
name = "tree-sitter-python"
version = "0.25.0"
source = { registry = "https://pypi.org/simple" }
sdist = { url = "https://files.pythonhosted.org/packages/b8/8b/c992ff0e768cb6768d5c96234579bf8842b3a633db641455d86dd30d5dac/tree_sitter_python-0.25.0.tar.gz", hash = "sha256:b13e090f725f5b9c86aa455a268553c65cadf325471ad5b65cd29cac8a1a68ac", size = 159845, upload-time = "2025-09-11T06:47:58.159Z" }
wheels = [
    { url = "https://files.pythonhosted.org/packages/cf/64/a4e503c78a4eb3ac46d8e72a29c1b1237fa85238d8e972b063e0751f5a94/tree_sitter_python-0.25.0-cp310-abi3-macosx_10_9_x86_64.whl", hash = "sha256:14a79a47ddef72f987d5a2c122d148a812169d7484ff5c75a3db9609d419f361", size = 73790, upload-time = "2025-09-11T06:47:47.652Z" },
    { url = "https://files.pythonhosted.org/packages/e6/1d/60d8c2a0cc63d6ec4ba4e99ce61b802d2e39ef9db799bdf2a8f932a6cd4b/tree_sitter_python-0.25.0-cp310-abi3-macosx_11_0_arm64.whl", hash = "sha256:480c21dbd995b7fe44813e741d71fed10ba695e7caab627fb034e3828469d762", size = 76691, upload-time = "2025-09-11T06:47:49.038Z" },
    { url = "https://files.pythonhosted.org/packages/aa/cb/d9b0b67d037922d60cbe0359e0c86457c2da721bc714381a63e2c8e35eba/tree_sitter_python-0.25.0-cp310-abi3-manylinux1_x86_64.manylinux_2_28_x86_64.manylinux_2_5_x86_64.whl", hash = "sha256:86f118e5eecad616ecdb81d171a36dde9bef5a0b21ed71ea9c3e390813c3baf5", size = 108133, upload-time = "2025-09-11T06:47:50.499Z" },
    { url = "https://files.pythonhosted.org/packages/40/bd/bf4787f57e6b2860f3f1c8c62f045b39fb32d6bac4b53d7a9e66de968440/tree_sitter_python-0.25.0-cp310-abi3-manylinux2014_aarch64.manylinux_2_17_aarch64.manylinux_2_28_aarch64.whl", hash = "sha256:be71650ca2b93b6e9649e5d65c6811aad87a7614c8c1003246b303f6b150f61b", size = 110603, upload-time = "2025-09-11T06:47:51.985Z" },
    { url = "https://files.pythonhosted.org/packages/5d/25/feff09f5c2f32484fbce15db8b49455c7572346ce61a699a41972dea7318/tree_sitter_python-0.25.0-cp310-abi3-musllinux_1_2_aarch64.whl", hash = "sha256:e6d5b5799628cc0f24691ab2a172a8e676f668fe90dc60468bee14084a35c16d", size = 108998, upload-time = "2025-09-11T06:47:53.046Z" },
    { url = "https://files.pythonhosted.org/packages/75/69/4946da3d6c0df316ccb938316ce007fb565d08f89d02d854f2d308f0309f/tree_sitter_python-0.25.0-cp310-abi3-musllinux_1_2_x86_64.whl", hash = "sha256:71959832fc5d9642e52c11f2f7d79ae520b461e63334927e93ca46cd61cd9683", size = 107268, upload-time = "2025-09-11T06:47:54.388Z" },
    { url = "https://files.pythonhosted.org/packages/ed/a2/996fc2dfa1076dc460d3e2f3c75974ea4b8f02f6bc925383aaae519920e8/tree_sitter_python-0.25.0-cp310-abi3-win_amd64.whl", hash = "sha256:9bcde33f18792de54ee579b00e1b4fe186b7926825444766f849bf7181793a76", size = 76073, upload-time = "2025-09-11T06:47:55.773Z" },
    { url = "https://files.pythonhosted.org/packages/07/19/4b5569d9b1ebebb5907d11554a96ef3fa09364a30fcfabeff587495b512f/tree_sitter_python-0.25.0-cp310-abi3-win_arm64.whl", hash = "sha256:0fbf6a3774ad7e89ee891851204c2e2c47e12b63a5edbe2e9156997731c128bb", size = 74169, upload-time = "2025-09-11T06:47:56.747Z" },
]
